// !$*UTF8*$!
{
	archiveVersion = 1;
	classes = {
	};
	objectVersion = 46;
	objects = {

/* Begin PBXBuildFile section */
		08BF0B1B1BCF8E205EC16CFE /* Pods_SwiftMailgunTests.framework in Frameworks */ = {isa = PBXBuildFile; fileRef = A33C180177BAD754A23303F2 /* Pods_SwiftMailgunTests.framework */; };
		2D796F371866A8624D17DE0F /* Pods_SwiftMailgun.framework in Frameworks */ = {isa = PBXBuildFile; fileRef = 650B1316D6F6F378BA497090 /* Pods_SwiftMailgun.framework */; };
		83141B061C8E39CD001429A2 /* StringExtensions.swift in Sources */ = {isa = PBXBuildFile; fileRef = 83141B051C8E39CD001429A2 /* StringExtensions.swift */; };
		83141B081C8E3D62001429A2 /* MailgunEmail.swift in Sources */ = {isa = PBXBuildFile; fileRef = 83141B071C8E3D62001429A2 /* MailgunEmail.swift */; };
		832E37951C8E31790094ED36 /* ObjectParser.swift in Sources */ = {isa = PBXBuildFile; fileRef = 832E37941C8E31790094ED36 /* ObjectParser.swift */; };
		832E37971C8E31A40094ED36 /* MailgunAPI.swift in Sources */ = {isa = PBXBuildFile; fileRef = 832E37961C8E31A40094ED36 /* MailgunAPI.swift */; };
		832E379A1C8E31BF0094ED36 /* Constants.swift in Sources */ = {isa = PBXBuildFile; fileRef = 832E37991C8E31BF0094ED36 /* Constants.swift */; };
		8344DAE71C8698B400F1B181 /* SwiftMailgun.h in Headers */ = {isa = PBXBuildFile; fileRef = 8344DAE61C8698B400F1B181 /* SwiftMailgun.h */; settings = {ATTRIBUTES = (Public, ); }; };
		8344DAEE1C8698B400F1B181 /* SwiftMailgun.framework in Frameworks */ = {isa = PBXBuildFile; fileRef = 8344DAE31C8698B400F1B181 /* SwiftMailgun.framework */; };
		838287561C8E6EDE00F5D92D /* mailgun_result.json in Resources */ = {isa = PBXBuildFile; fileRef = 838287551C8E6EDE00F5D92D /* mailgun_result.json */; };
		8382875A1C8E6F6600F5D92D /* mailgun_email.json in Resources */ = {isa = PBXBuildFile; fileRef = 838287591C8E6F6600F5D92D /* mailgun_email.json */; };
		8382875C1C8E6FE200F5D92D /* JsonFileReader.swift in Sources */ = {isa = PBXBuildFile; fileRef = 8382875B1C8E6FE200F5D92D /* JsonFileReader.swift */; };
		8382875E1C8E700E00F5D92D /* ModelSpecs.swift in Sources */ = {isa = PBXBuildFile; fileRef = 8382875D1C8E700E00F5D92D /* ModelSpecs.swift */; };
		838287601C8E728700F5D92D /* MailgunApiSpecs.swift in Sources */ = {isa = PBXBuildFile; fileRef = 8382875F1C8E728700F5D92D /* MailgunApiSpecs.swift */; };
		838287621C8EB2BB00F5D92D /* StringExtensionsSpecs.swift in Sources */ = {isa = PBXBuildFile; fileRef = 838287611C8EB2BB00F5D92D /* StringExtensionsSpecs.swift */; };
		83A8BDD61C8E454400EDEF5F /* MailgunResult.swift in Sources */ = {isa = PBXBuildFile; fileRef = 83A8BDD51C8E454400EDEF5F /* MailgunResult.swift */; };
/* End PBXBuildFile section */

/* Begin PBXContainerItemProxy section */
		8344DAEF1C8698B400F1B181 /* PBXContainerItemProxy */ = {
			isa = PBXContainerItemProxy;
			containerPortal = 8344DADA1C8698B400F1B181 /* Project object */;
			proxyType = 1;
			remoteGlobalIDString = 8344DAE21C8698B400F1B181;
			remoteInfo = SwiftMailgun;
		};
/* End PBXContainerItemProxy section */

/* Begin PBXFileReference section */
		650B1316D6F6F378BA497090 /* Pods_SwiftMailgun.framework */ = {isa = PBXFileReference; explicitFileType = wrapper.framework; includeInIndex = 0; path = Pods_SwiftMailgun.framework; sourceTree = BUILT_PRODUCTS_DIR; };
		76443AE69A3BD5C797065880 /* Pods-SwiftMailgunTests.release.xcconfig */ = {isa = PBXFileReference; includeInIndex = 1; lastKnownFileType = text.xcconfig; name = "Pods-SwiftMailgunTests.release.xcconfig"; path = "Pods/Target Support Files/Pods-SwiftMailgunTests/Pods-SwiftMailgunTests.release.xcconfig"; sourceTree = "<group>"; };
		83141B051C8E39CD001429A2 /* StringExtensions.swift */ = {isa = PBXFileReference; fileEncoding = 4; lastKnownFileType = sourcecode.swift; path = StringExtensions.swift; sourceTree = "<group>"; };
		83141B071C8E3D62001429A2 /* MailgunEmail.swift */ = {isa = PBXFileReference; fileEncoding = 4; lastKnownFileType = sourcecode.swift; path = MailgunEmail.swift; sourceTree = "<group>"; };
		832E37941C8E31790094ED36 /* ObjectParser.swift */ = {isa = PBXFileReference; fileEncoding = 4; lastKnownFileType = sourcecode.swift; path = ObjectParser.swift; sourceTree = "<group>"; };
		832E37961C8E31A40094ED36 /* MailgunAPI.swift */ = {isa = PBXFileReference; fileEncoding = 4; lastKnownFileType = sourcecode.swift; path = MailgunAPI.swift; sourceTree = "<group>"; };
		832E37991C8E31BF0094ED36 /* Constants.swift */ = {isa = PBXFileReference; fileEncoding = 4; lastKnownFileType = sourcecode.swift; path = Constants.swift; sourceTree = "<group>"; };
		8344DAE31C8698B400F1B181 /* SwiftMailgun.framework */ = {isa = PBXFileReference; explicitFileType = wrapper.framework; includeInIndex = 0; path = SwiftMailgun.framework; sourceTree = BUILT_PRODUCTS_DIR; };
		8344DAE61C8698B400F1B181 /* SwiftMailgun.h */ = {isa = PBXFileReference; lastKnownFileType = sourcecode.c.h; path = SwiftMailgun.h; sourceTree = "<group>"; };
		8344DAE81C8698B400F1B181 /* Info.plist */ = {isa = PBXFileReference; lastKnownFileType = text.plist.xml; path = Info.plist; sourceTree = "<group>"; };
		8344DAED1C8698B400F1B181 /* SwiftMailgunTests.xctest */ = {isa = PBXFileReference; explicitFileType = wrapper.cfbundle; includeInIndex = 0; path = SwiftMailgunTests.xctest; sourceTree = BUILT_PRODUCTS_DIR; };
		8344DAF41C8698B400F1B181 /* Info.plist */ = {isa = PBXFileReference; lastKnownFileType = text.plist.xml; path = Info.plist; sourceTree = "<group>"; };
		838287551C8E6EDE00F5D92D /* mailgun_result.json */ = {isa = PBXFileReference; fileEncoding = 4; lastKnownFileType = text.json; path = mailgun_result.json; sourceTree = "<group>"; };
		838287591C8E6F6600F5D92D /* mailgun_email.json */ = {isa = PBXFileReference; fileEncoding = 4; lastKnownFileType = text.json; path = mailgun_email.json; sourceTree = "<group>"; };
		8382875B1C8E6FE200F5D92D /* JsonFileReader.swift */ = {isa = PBXFileReference; fileEncoding = 4; lastKnownFileType = sourcecode.swift; path = JsonFileReader.swift; sourceTree = "<group>"; };
		8382875D1C8E700E00F5D92D /* ModelSpecs.swift */ = {isa = PBXFileReference; fileEncoding = 4; lastKnownFileType = sourcecode.swift; path = ModelSpecs.swift; sourceTree = "<group>"; };
		8382875F1C8E728700F5D92D /* MailgunApiSpecs.swift */ = {isa = PBXFileReference; fileEncoding = 4; lastKnownFileType = sourcecode.swift; path = MailgunApiSpecs.swift; sourceTree = "<group>"; };
		838287611C8EB2BB00F5D92D /* StringExtensionsSpecs.swift */ = {isa = PBXFileReference; fileEncoding = 4; lastKnownFileType = sourcecode.swift; path = StringExtensionsSpecs.swift; sourceTree = "<group>"; };
		83A8BDD51C8E454400EDEF5F /* MailgunResult.swift */ = {isa = PBXFileReference; fileEncoding = 4; lastKnownFileType = sourcecode.swift; path = MailgunResult.swift; sourceTree = "<group>"; };
		8FE1960B1CD01F4D68F00309 /* Pods-SwiftMailgunTests.debug.xcconfig */ = {isa = PBXFileReference; includeInIndex = 1; lastKnownFileType = text.xcconfig; name = "Pods-SwiftMailgunTests.debug.xcconfig"; path = "Pods/Target Support Files/Pods-SwiftMailgunTests/Pods-SwiftMailgunTests.debug.xcconfig"; sourceTree = "<group>"; };
		A33C180177BAD754A23303F2 /* Pods_SwiftMailgunTests.framework */ = {isa = PBXFileReference; explicitFileType = wrapper.framework; includeInIndex = 0; path = Pods_SwiftMailgunTests.framework; sourceTree = BUILT_PRODUCTS_DIR; };
		AE3662AC06A0AF2FEE51D387 /* Pods-SwiftMailgun.release.xcconfig */ = {isa = PBXFileReference; includeInIndex = 1; lastKnownFileType = text.xcconfig; name = "Pods-SwiftMailgun.release.xcconfig"; path = "Pods/Target Support Files/Pods-SwiftMailgun/Pods-SwiftMailgun.release.xcconfig"; sourceTree = "<group>"; };
		B4C2549AD5AE9CB92A4C9474 /* Pods-SwiftMailgun.debug.xcconfig */ = {isa = PBXFileReference; includeInIndex = 1; lastKnownFileType = text.xcconfig; name = "Pods-SwiftMailgun.debug.xcconfig"; path = "Pods/Target Support Files/Pods-SwiftMailgun/Pods-SwiftMailgun.debug.xcconfig"; sourceTree = "<group>"; };
		FC26BBAC8945BDA63A218C6C /* Pods.framework */ = {isa = PBXFileReference; explicitFileType = wrapper.framework; includeInIndex = 0; path = Pods.framework; sourceTree = BUILT_PRODUCTS_DIR; };
/* End PBXFileReference section */

/* Begin PBXFrameworksBuildPhase section */
		8344DADF1C8698B400F1B181 /* Frameworks */ = {
			isa = PBXFrameworksBuildPhase;
			buildActionMask = 2147483647;
			files = (
				2D796F371866A8624D17DE0F /* Pods_SwiftMailgun.framework in Frameworks */,
			);
			runOnlyForDeploymentPostprocessing = 0;
		};
		8344DAEA1C8698B400F1B181 /* Frameworks */ = {
			isa = PBXFrameworksBuildPhase;
			buildActionMask = 2147483647;
			files = (
				8344DAEE1C8698B400F1B181 /* SwiftMailgun.framework in Frameworks */,
				08BF0B1B1BCF8E205EC16CFE /* Pods_SwiftMailgunTests.framework in Frameworks */,
			);
			runOnlyForDeploymentPostprocessing = 0;
		};
/* End PBXFrameworksBuildPhase section */

/* Begin PBXGroup section */
		832E37911C8E31510094ED36 /* Api */ = {
			isa = PBXGroup;
			children = (
				832E37961C8E31A40094ED36 /* MailgunAPI.swift */,
			);
			path = Api;
			sourceTree = "<group>";
		};
		832E37921C8E31560094ED36 /* Model */ = {
			isa = PBXGroup;
			children = (
				83141B071C8E3D62001429A2 /* MailgunEmail.swift */,
				83A8BDD51C8E454400EDEF5F /* MailgunResult.swift */,
			);
			path = Model;
			sourceTree = "<group>";
		};
		832E37931C8E315B0094ED36 /* Util */ = {
			isa = PBXGroup;
			children = (
				832E37941C8E31790094ED36 /* ObjectParser.swift */,
				83141B051C8E39CD001429A2 /* StringExtensions.swift */,
			);
			path = Util;
			sourceTree = "<group>";
		};
		832E37981C8E31AE0094ED36 /* Supporting Files */ = {
			isa = PBXGroup;
			children = (
				8344DAE61C8698B400F1B181 /* SwiftMailgun.h */,
				8344DAE81C8698B400F1B181 /* Info.plist */,
			);
			name = "Supporting Files";
			sourceTree = "<group>";
		};
		8344DAD91C8698B400F1B181 = {
			isa = PBXGroup;
			children = (
				8344DAE51C8698B400F1B181 /* SwiftMailgun */,
				8344DAF11C8698B400F1B181 /* SwiftMailgunTests */,
				8344DAE41C8698B400F1B181 /* Products */,
				BC5C190A9EEFFCF65CCC68AD /* Frameworks */,
				CB0D70DB0E6D88EDD5035A0E /* Pods */,
			);
			sourceTree = "<group>";
		};
		8344DAE41C8698B400F1B181 /* Products */ = {
			isa = PBXGroup;
			children = (
				8344DAE31C8698B400F1B181 /* SwiftMailgun.framework */,
				8344DAED1C8698B400F1B181 /* SwiftMailgunTests.xctest */,
			);
			name = Products;
			sourceTree = "<group>";
		};
		8344DAE51C8698B400F1B181 /* SwiftMailgun */ = {
			isa = PBXGroup;
			children = (
				832E37981C8E31AE0094ED36 /* Supporting Files */,
				832E37931C8E315B0094ED36 /* Util */,
				832E37921C8E31560094ED36 /* Model */,
				832E37911C8E31510094ED36 /* Api */,
				832E37991C8E31BF0094ED36 /* Constants.swift */,
			);
			path = SwiftMailgun;
			sourceTree = "<group>";
		};
		8344DAF11C8698B400F1B181 /* SwiftMailgunTests */ = {
			isa = PBXGroup;
			children = (
				838287541C8E6EC000F5D92D /* TestData */,
				8344DAF41C8698B400F1B181 /* Info.plist */,
				8382875D1C8E700E00F5D92D /* ModelSpecs.swift */,
				8382875F1C8E728700F5D92D /* MailgunApiSpecs.swift */,
				838287611C8EB2BB00F5D92D /* StringExtensionsSpecs.swift */,
			);
			path = SwiftMailgunTests;
			sourceTree = "<group>";
		};
		838287541C8E6EC000F5D92D /* TestData */ = {
			isa = PBXGroup;
			children = (
				838287551C8E6EDE00F5D92D /* mailgun_result.json */,
				838287591C8E6F6600F5D92D /* mailgun_email.json */,
				8382875B1C8E6FE200F5D92D /* JsonFileReader.swift */,
			);
			path = TestData;
			sourceTree = "<group>";
		};
		BC5C190A9EEFFCF65CCC68AD /* Frameworks */ = {
			isa = PBXGroup;
			children = (
				FC26BBAC8945BDA63A218C6C /* Pods.framework */,
				650B1316D6F6F378BA497090 /* Pods_SwiftMailgun.framework */,
				A33C180177BAD754A23303F2 /* Pods_SwiftMailgunTests.framework */,
			);
			name = Frameworks;
			sourceTree = "<group>";
		};
		CB0D70DB0E6D88EDD5035A0E /* Pods */ = {
			isa = PBXGroup;
			children = (
				B4C2549AD5AE9CB92A4C9474 /* Pods-SwiftMailgun.debug.xcconfig */,
				AE3662AC06A0AF2FEE51D387 /* Pods-SwiftMailgun.release.xcconfig */,
				8FE1960B1CD01F4D68F00309 /* Pods-SwiftMailgunTests.debug.xcconfig */,
				76443AE69A3BD5C797065880 /* Pods-SwiftMailgunTests.release.xcconfig */,
			);
			name = Pods;
			sourceTree = "<group>";
		};
/* End PBXGroup section */

/* Begin PBXHeadersBuildPhase section */
		8344DAE01C8698B400F1B181 /* Headers */ = {
			isa = PBXHeadersBuildPhase;
			buildActionMask = 2147483647;
			files = (
				8344DAE71C8698B400F1B181 /* SwiftMailgun.h in Headers */,
			);
			runOnlyForDeploymentPostprocessing = 0;
		};
/* End PBXHeadersBuildPhase section */

/* Begin PBXNativeTarget section */
		8344DAE21C8698B400F1B181 /* SwiftMailgun */ = {
			isa = PBXNativeTarget;
			buildConfigurationList = 8344DAF71C8698B400F1B181 /* Build configuration list for PBXNativeTarget "SwiftMailgun" */;
			buildPhases = (
				16E3E92F372411B94246FDE1 /* Check Pods Manifest.lock */,
				8344DADE1C8698B400F1B181 /* Sources */,
				8344DADF1C8698B400F1B181 /* Frameworks */,
				8344DAE01C8698B400F1B181 /* Headers */,
				8344DAE11C8698B400F1B181 /* Resources */,
				E67959A0E8DBDBC606DC94F9 /* Copy Pods Resources */,
			);
			buildRules = (
			);
			dependencies = (
			);
			name = SwiftMailgun;
			productName = SwiftMailgun;
			productReference = 8344DAE31C8698B400F1B181 /* SwiftMailgun.framework */;
			productType = "com.apple.product-type.framework";
		};
		8344DAEC1C8698B400F1B181 /* SwiftMailgunTests */ = {
			isa = PBXNativeTarget;
			buildConfigurationList = 8344DAFA1C8698B400F1B181 /* Build configuration list for PBXNativeTarget "SwiftMailgunTests" */;
			buildPhases = (
				E280DCE4B93D6C82C4E9ABFF /* Check Pods Manifest.lock */,
				8344DAE91C8698B400F1B181 /* Sources */,
				8344DAEA1C8698B400F1B181 /* Frameworks */,
				8344DAEB1C8698B400F1B181 /* Resources */,
				2B8DD4D1C841E2D6B5E2D44F /* Embed Pods Frameworks */,
				C7A9BD6E3186565E6B7ECC3F /* Copy Pods Resources */,
			);
			buildRules = (
			);
			dependencies = (
				8344DAF01C8698B400F1B181 /* PBXTargetDependency */,
			);
			name = SwiftMailgunTests;
			productName = SwiftMailgunTests;
			productReference = 8344DAED1C8698B400F1B181 /* SwiftMailgunTests.xctest */;
			productType = "com.apple.product-type.bundle.unit-test";
		};
/* End PBXNativeTarget section */

/* Begin PBXProject section */
		8344DADA1C8698B400F1B181 /* Project object */ = {
			isa = PBXProject;
			attributes = {
				LastSwiftUpdateCheck = 0720;
				LastUpgradeCheck = 0720;
				ORGANIZATIONNAME = "Chris Jimenez";
				TargetAttributes = {
					8344DAE21C8698B400F1B181 = {
						CreatedOnToolsVersion = 7.2.1;
					};
					8344DAEC1C8698B400F1B181 = {
						CreatedOnToolsVersion = 7.2.1;
					};
				};
			};
			buildConfigurationList = 8344DADD1C8698B400F1B181 /* Build configuration list for PBXProject "SwiftMailgun" */;
			compatibilityVersion = "Xcode 3.2";
			developmentRegion = English;
			hasScannedForEncodings = 0;
			knownRegions = (
				en,
			);
			mainGroup = 8344DAD91C8698B400F1B181;
			productRefGroup = 8344DAE41C8698B400F1B181 /* Products */;
			projectDirPath = "";
			projectRoot = "";
			targets = (
				8344DAE21C8698B400F1B181 /* SwiftMailgun */,
				8344DAEC1C8698B400F1B181 /* SwiftMailgunTests */,
			);
		};
/* End PBXProject section */

/* Begin PBXResourcesBuildPhase section */
		8344DAE11C8698B400F1B181 /* Resources */ = {
			isa = PBXResourcesBuildPhase;
			buildActionMask = 2147483647;
			files = (
			);
			runOnlyForDeploymentPostprocessing = 0;
		};
		8344DAEB1C8698B400F1B181 /* Resources */ = {
			isa = PBXResourcesBuildPhase;
			buildActionMask = 2147483647;
			files = (
				8382875A1C8E6F6600F5D92D /* mailgun_email.json in Resources */,
				838287561C8E6EDE00F5D92D /* mailgun_result.json in Resources */,
			);
			runOnlyForDeploymentPostprocessing = 0;
		};
/* End PBXResourcesBuildPhase section */

/* Begin PBXShellScriptBuildPhase section */
		16E3E92F372411B94246FDE1 /* Check Pods Manifest.lock */ = {
			isa = PBXShellScriptBuildPhase;
			buildActionMask = 2147483647;
			files = (
			);
			inputPaths = (
			);
			name = "Check Pods Manifest.lock";
			outputPaths = (
			);
			runOnlyForDeploymentPostprocessing = 0;
			shellPath = /bin/sh;
			shellScript = "diff \"${PODS_ROOT}/../Podfile.lock\" \"${PODS_ROOT}/Manifest.lock\" > /dev/null\nif [[ $? != 0 ]] ; then\n    cat << EOM\nerror: The sandbox is not in sync with the Podfile.lock. Run 'pod install' or update your CocoaPods installation.\nEOM\n    exit 1\nfi\n";
			showEnvVarsInLog = 0;
		};
		2B8DD4D1C841E2D6B5E2D44F /* Embed Pods Frameworks */ = {
			isa = PBXShellScriptBuildPhase;
			buildActionMask = 2147483647;
			files = (
			);
			inputPaths = (
			);
			name = "Embed Pods Frameworks";
			outputPaths = (
			);
			runOnlyForDeploymentPostprocessing = 0;
			shellPath = /bin/sh;
			shellScript = "\"${SRCROOT}/Pods/Target Support Files/Pods-SwiftMailgunTests/Pods-SwiftMailgunTests-frameworks.sh\"\n";
			showEnvVarsInLog = 0;
		};
		C7A9BD6E3186565E6B7ECC3F /* Copy Pods Resources */ = {
			isa = PBXShellScriptBuildPhase;
			buildActionMask = 2147483647;
			files = (
			);
			inputPaths = (
			);
			name = "Copy Pods Resources";
			outputPaths = (
			);
			runOnlyForDeploymentPostprocessing = 0;
			shellPath = /bin/sh;
			shellScript = "\"${SRCROOT}/Pods/Target Support Files/Pods-SwiftMailgunTests/Pods-SwiftMailgunTests-resources.sh\"\n";
			showEnvVarsInLog = 0;
		};
		E280DCE4B93D6C82C4E9ABFF /* Check Pods Manifest.lock */ = {
			isa = PBXShellScriptBuildPhase;
			buildActionMask = 2147483647;
			files = (
			);
			inputPaths = (
			);
			name = "Check Pods Manifest.lock";
			outputPaths = (
			);
			runOnlyForDeploymentPostprocessing = 0;
			shellPath = /bin/sh;
			shellScript = "diff \"${PODS_ROOT}/../Podfile.lock\" \"${PODS_ROOT}/Manifest.lock\" > /dev/null\nif [[ $? != 0 ]] ; then\n    cat << EOM\nerror: The sandbox is not in sync with the Podfile.lock. Run 'pod install' or update your CocoaPods installation.\nEOM\n    exit 1\nfi\n";
			showEnvVarsInLog = 0;
		};
		E67959A0E8DBDBC606DC94F9 /* Copy Pods Resources */ = {
			isa = PBXShellScriptBuildPhase;
			buildActionMask = 2147483647;
			files = (
			);
			inputPaths = (
			);
			name = "Copy Pods Resources";
			outputPaths = (
			);
			runOnlyForDeploymentPostprocessing = 0;
			shellPath = /bin/sh;
			shellScript = "\"${SRCROOT}/Pods/Target Support Files/Pods-SwiftMailgun/Pods-SwiftMailgun-resources.sh\"\n";
			showEnvVarsInLog = 0;
		};
/* End PBXShellScriptBuildPhase section */

/* Begin PBXSourcesBuildPhase section */
		8344DADE1C8698B400F1B181 /* Sources */ = {
			isa = PBXSourcesBuildPhase;
			buildActionMask = 2147483647;
			files = (
				83A8BDD61C8E454400EDEF5F /* MailgunResult.swift in Sources */,
				83141B081C8E3D62001429A2 /* MailgunEmail.swift in Sources */,
				832E37971C8E31A40094ED36 /* MailgunAPI.swift in Sources */,
				832E37951C8E31790094ED36 /* ObjectParser.swift in Sources */,
				83141B061C8E39CD001429A2 /* StringExtensions.swift in Sources */,
				832E379A1C8E31BF0094ED36 /* Constants.swift in Sources */,
			);
			runOnlyForDeploymentPostprocessing = 0;
		};
		8344DAE91C8698B400F1B181 /* Sources */ = {
			isa = PBXSourcesBuildPhase;
			buildActionMask = 2147483647;
			files = (
				838287601C8E728700F5D92D /* MailgunApiSpecs.swift in Sources */,
				8382875E1C8E700E00F5D92D /* ModelSpecs.swift in Sources */,
				8382875C1C8E6FE200F5D92D /* JsonFileReader.swift in Sources */,
				838287621C8EB2BB00F5D92D /* StringExtensionsSpecs.swift in Sources */,
			);
			runOnlyForDeploymentPostprocessing = 0;
		};
/* End PBXSourcesBuildPhase section */

/* Begin PBXTargetDependency section */
		8344DAF01C8698B400F1B181 /* PBXTargetDependency */ = {
			isa = PBXTargetDependency;
			target = 8344DAE21C8698B400F1B181 /* SwiftMailgun */;
			targetProxy = 8344DAEF1C8698B400F1B181 /* PBXContainerItemProxy */;
		};
/* End PBXTargetDependency section */

/* Begin XCBuildConfiguration section */
		8344DAF51C8698B400F1B181 /* Debug */ = {
			isa = XCBuildConfiguration;
			buildSettings = {
				ALWAYS_SEARCH_USER_PATHS = NO;
				CLANG_CXX_LANGUAGE_STANDARD = "gnu++0x";
				CLANG_CXX_LIBRARY = "libc++";
				CLANG_ENABLE_MODULES = YES;
				CLANG_ENABLE_OBJC_ARC = YES;
				CLANG_WARN_BOOL_CONVERSION = YES;
				CLANG_WARN_CONSTANT_CONVERSION = YES;
				CLANG_WARN_DIRECT_OBJC_ISA_USAGE = YES_ERROR;
				CLANG_WARN_EMPTY_BODY = YES;
				CLANG_WARN_ENUM_CONVERSION = YES;
				CLANG_WARN_INT_CONVERSION = YES;
				CLANG_WARN_OBJC_ROOT_CLASS = YES_ERROR;
				CLANG_WARN_UNREACHABLE_CODE = YES;
				CLANG_WARN__DUPLICATE_METHOD_MATCH = YES;
				"CODE_SIGN_IDENTITY[sdk=iphoneos*]" = "iPhone Developer";
				COPY_PHASE_STRIP = NO;
				CURRENT_PROJECT_VERSION = 1;
				DEBUG_INFORMATION_FORMAT = dwarf;
				ENABLE_STRICT_OBJC_MSGSEND = YES;
				ENABLE_TESTABILITY = YES;
				GCC_C_LANGUAGE_STANDARD = gnu99;
				GCC_DYNAMIC_NO_PIC = NO;
				GCC_NO_COMMON_BLOCKS = YES;
				GCC_OPTIMIZATION_LEVEL = 0;
				GCC_PREPROCESSOR_DEFINITIONS = (
					"DEBUG=1",
					"$(inherited)",
				);
				GCC_WARN_64_TO_32_BIT_CONVERSION = YES;
				GCC_WARN_ABOUT_RETURN_TYPE = YES_ERROR;
				GCC_WARN_UNDECLARED_SELECTOR = YES;
				GCC_WARN_UNINITIALIZED_AUTOS = YES_AGGRESSIVE;
				GCC_WARN_UNUSED_FUNCTION = YES;
				GCC_WARN_UNUSED_VARIABLE = YES;
				IPHONEOS_DEPLOYMENT_TARGET = 8.0;
				MTL_ENABLE_DEBUG_INFO = YES;
				ONLY_ACTIVE_ARCH = YES;
				SDKROOT = iphoneos;
				SWIFT_OPTIMIZATION_LEVEL = "-Onone";
				TARGETED_DEVICE_FAMILY = "1,2";
				VERSIONING_SYSTEM = "apple-generic";
				VERSION_INFO_PREFIX = "";
			};
			name = Debug;
		};
		8344DAF61C8698B400F1B181 /* Release */ = {
			isa = XCBuildConfiguration;
			buildSettings = {
				ALWAYS_SEARCH_USER_PATHS = NO;
				CLANG_CXX_LANGUAGE_STANDARD = "gnu++0x";
				CLANG_CXX_LIBRARY = "libc++";
				CLANG_ENABLE_MODULES = YES;
				CLANG_ENABLE_OBJC_ARC = YES;
				CLANG_WARN_BOOL_CONVERSION = YES;
				CLANG_WARN_CONSTANT_CONVERSION = YES;
				CLANG_WARN_DIRECT_OBJC_ISA_USAGE = YES_ERROR;
				CLANG_WARN_EMPTY_BODY = YES;
				CLANG_WARN_ENUM_CONVERSION = YES;
				CLANG_WARN_INT_CONVERSION = YES;
				CLANG_WARN_OBJC_ROOT_CLASS = YES_ERROR;
				CLANG_WARN_UNREACHABLE_CODE = YES;
				CLANG_WARN__DUPLICATE_METHOD_MATCH = YES;
				"CODE_SIGN_IDENTITY[sdk=iphoneos*]" = "iPhone Developer";
				COPY_PHASE_STRIP = NO;
				CURRENT_PROJECT_VERSION = 1;
				DEBUG_INFORMATION_FORMAT = "dwarf-with-dsym";
				ENABLE_NS_ASSERTIONS = NO;
				ENABLE_STRICT_OBJC_MSGSEND = YES;
				GCC_C_LANGUAGE_STANDARD = gnu99;
				GCC_NO_COMMON_BLOCKS = YES;
				GCC_WARN_64_TO_32_BIT_CONVERSION = YES;
				GCC_WARN_ABOUT_RETURN_TYPE = YES_ERROR;
				GCC_WARN_UNDECLARED_SELECTOR = YES;
				GCC_WARN_UNINITIALIZED_AUTOS = YES_AGGRESSIVE;
				GCC_WARN_UNUSED_FUNCTION = YES;
				GCC_WARN_UNUSED_VARIABLE = YES;
				IPHONEOS_DEPLOYMENT_TARGET = 8.0;
				MTL_ENABLE_DEBUG_INFO = NO;
				SDKROOT = iphoneos;
				TARGETED_DEVICE_FAMILY = "1,2";
				VALIDATE_PRODUCT = YES;
				VERSIONING_SYSTEM = "apple-generic";
				VERSION_INFO_PREFIX = "";
			};
			name = Release;
		};
		8344DAF81C8698B400F1B181 /* Debug */ = {
			isa = XCBuildConfiguration;
			baseConfigurationReference = B4C2549AD5AE9CB92A4C9474 /* Pods-SwiftMailgun.debug.xcconfig */;
			buildSettings = {
				CLANG_ENABLE_MODULES = YES;
				DEFINES_MODULE = YES;
				DYLIB_COMPATIBILITY_VERSION = 1;
				DYLIB_CURRENT_VERSION = 1;
				DYLIB_INSTALL_NAME_BASE = "@rpath";
				INFOPLIST_FILE = SwiftMailgun/Info.plist;
				INSTALL_PATH = "$(LOCAL_LIBRARY_DIR)/Frameworks";
				LD_RUNPATH_SEARCH_PATHS = "$(inherited) @executable_path/Frameworks @loader_path/Frameworks";
				PRODUCT_BUNDLE_IDENTIFIER = com.greenpixels.SwiftMailgun;
				PRODUCT_NAME = "$(TARGET_NAME)";
				SKIP_INSTALL = YES;
				SWIFT_OPTIMIZATION_LEVEL = "-Onone";
			};
			name = Debug;
		};
		8344DAF91C8698B400F1B181 /* Release */ = {
			isa = XCBuildConfiguration;
			baseConfigurationReference = AE3662AC06A0AF2FEE51D387 /* Pods-SwiftMailgun.release.xcconfig */;
			buildSettings = {
				CLANG_ENABLE_MODULES = YES;
				DEFINES_MODULE = YES;
				DYLIB_COMPATIBILITY_VERSION = 1;
				DYLIB_CURRENT_VERSION = 1;
				DYLIB_INSTALL_NAME_BASE = "@rpath";
				INFOPLIST_FILE = SwiftMailgun/Info.plist;
				INSTALL_PATH = "$(LOCAL_LIBRARY_DIR)/Frameworks";
				LD_RUNPATH_SEARCH_PATHS = "$(inherited) @executable_path/Frameworks @loader_path/Frameworks";
				PRODUCT_BUNDLE_IDENTIFIER = com.greenpixels.SwiftMailgun;
				PRODUCT_NAME = "$(TARGET_NAME)";
				SKIP_INSTALL = YES;
			};
			name = Release;
		};
		8344DAFB1C8698B400F1B181 /* Debug */ = {
			isa = XCBuildConfiguration;
			baseConfigurationReference = 8FE1960B1CD01F4D68F00309 /* Pods-SwiftMailgunTests.debug.xcconfig */;
			buildSettings = {
				INFOPLIST_FILE = SwiftMailgunTests/Info.plist;
				LD_RUNPATH_SEARCH_PATHS = "$(inherited) @executable_path/Frameworks @loader_path/Frameworks";
				PRODUCT_BUNDLE_IDENTIFIER = com.greenpixels.SwiftMailgunTests;
				PRODUCT_NAME = "$(TARGET_NAME)";
			};
			name = Debug;
		};
		8344DAFC1C8698B400F1B181 /* Release */ = {
			isa = XCBuildConfiguration;
			baseConfigurationReference = 76443AE69A3BD5C797065880 /* Pods-SwiftMailgunTests.release.xcconfig */;
			buildSettings = {
				INFOPLIST_FILE = SwiftMailgunTests/Info.plist;
				LD_RUNPATH_SEARCH_PATHS = "$(inherited) @executable_path/Frameworks @loader_path/Frameworks";
				PRODUCT_BUNDLE_IDENTIFIER = com.greenpixels.SwiftMailgunTests;
				PRODUCT_NAME = "$(TARGET_NAME)";
			};
			name = Release;
		};
/* End XCBuildConfiguration section */

/* Begin XCConfigurationList section */
		8344DADD1C8698B400F1B181 /* Build configuration list for PBXProject "SwiftMailgun" */ = {
			isa = XCConfigurationList;
			buildConfigurations = (
				8344DAF51C8698B400F1B181 /* Debug */,
				8344DAF61C8698B400F1B181 /* Release */,
			);
			defaultConfigurationIsVisible = 0;
			defaultConfigurationName = Release;
		};
		8344DAF71C8698B400F1B181 /* Build configuration list for PBXNativeTarget "SwiftMailgun" */ = {
			isa = XCConfigurationList;
			buildConfigurations = (
				8344DAF81C8698B400F1B181 /* Debug */,
				8344DAF91C8698B400F1B181 /* Release */,
			);
			defaultConfigurationIsVisible = 0;
			defaultConfigurationName = Release;
		};
		8344DAFA1C8698B400F1B181 /* Build configuration list for PBXNativeTarget "SwiftMailgunTests" */ = {
			isa = XCConfigurationList;
			buildConfigurations = (
				8344DAFB1C8698B400F1B181 /* Debug */,
				8344DAFC1C8698B400F1B181 /* Release */,
			);
			defaultConfigurationIsVisible = 0;
			defaultConfigurationName = Release;
		};
/* End XCConfigurationList section */
	};
	rootObject = 8344DADA1C8698B400F1B181 /* Project object */;
}
